
Microsoft Visual Studio Solution File, Format Version 12.00
# Visual Studio Express 2012 for Web
Project("{FAE04EC0-301F-11D3-BF4B-00C04F79EFBC}") = "CommonLib", "CommonLib\CommonLib.csproj", "{370BE3EB-83DB-43C4-8140-DEF10ABE68CA}"
EndProject
Project("{FAE04EC0-301F-11D3-BF4B-00C04F79EFBC}") = "PuyofuCapture", "PuyofuCapture\PuyofuCapture.csproj", "{4099EBD2-EE5B-4281-8579-95C9CAFF736C}"
EndProject
Project("{FAE04EC0-301F-11D3-BF4B-00C04F79EFBC}") = "PuyoLib", "PuyoLib\PuyoLib.csproj", "{88D0AF84-D8CA-4BE1-9D7D-1EF86CC8CA2E}"
EndProject
Project("{FAE04EC0-301F-11D3-BF4B-00C04F79EFBC}") = "PuyoLibTest", "PuyoLibTest\PuyoLibTest.csproj", "{DA5F8A62-53E6-4EE4-AADB-86EFADBBFE49}"
EndProject
Global
	GlobalSection(SolutionConfigurationPlatforms) = preSolution
		Debug|Any CPU = Debug|Any CPU
		Release|Any CPU = Release|Any CPU
	EndGlobalSection
	GlobalSection(ProjectConfigurationPlatforms) = postSolution
		{370BE3EB-83DB-43C4-8140-DEF10ABE68CA}.Debug|Any CPU.ActiveCfg = Debug|Any CPU
		{370BE3EB-83DB-43C4-8140-DEF10ABE68CA}.Debug|Any CPU.Build.0 = Debug|Any CPU
		{370BE3EB-83DB-43C4-8140-DEF10ABE68CA}.Release|Any CPU.ActiveCfg = Release|Any CPU
		{370BE3EB-83DB-43C4-8140-DEF10ABE68CA}.Release|Any CPU.Build.0 = Release|Any CPU
		{4099EBD2-EE5B-4281-8579-95C9CAFF736C}.Debug|Any CPU.ActiveCfg = Debug|Any CPU
		{4099EBD2-EE5B-4281-8579-95C9CAFF736C}.Debug|Any CPU.Build.0 = Debug|Any CPU
		{4099EBD2-EE5B-4281-8579-95C9CAFF736C}.Release|Any CPU.ActiveCfg = Release|Any CPU
		{4099EBD2-EE5B-4281-8579-95C9CAFF736C}.Release|Any CPU.Build.0 = Release|Any CPU
		{88D0AF84-D8CA-4BE1-9D7D-1EF86CC8CA2E}.Debug|Any CPU.ActiveCfg = Debug|Any CPU
		{88D0AF84-D8CA-4BE1-9D7D-1EF86CC8CA2E}.Debug|Any CPU.Build.0 = Debug|Any CPU
		{88D0AF84-D8CA-4BE1-9D7D-1EF86CC8CA2E}.Release|Any CPU.ActiveCfg = Release|Any CPU
		{88D0AF84-D8CA-4BE1-9D7D-1EF86CC8CA2E}.Release|Any CPU.Build.0 = Release|Any CPU
		{DA5F8A62-53E6-4EE4-AADB-86EFADBBFE49}.Debug|Any CPU.ActiveCfg = Debug|Any CPU
		{DA5F8A62-53E6-4EE4-AADB-86EFADBBFE49}.Debug|Any CPU.Build.0 = Debug|Any CPU
		{DA5F8A62-53E6-4EE4-AADB-86EFADBBFE49}.Release|Any CPU.ActiveCfg = Release|Any CPU
		{DA5F8A62-53E6-4EE4-AADB-86EFADBBFE49}.Release|Any CPU.Build.0 = Release|Any CPU
	EndGlobalSection
	GlobalSection(SolutionProperties) = preSolution
		HideSolutionNode = FALSE
	EndGlobalSection
EndGlobal
